# THIS IS AN AUTOGENERATED FILE. DO NOT EDIT THIS FILE DIRECTLY.
# yarn lockfile v1


"@graphiy/graph@graphiy/graph#dev":
  version "0.1.0"
  resolved "https://codeload.github.com/graphiy/graph/tar.gz/262f20f5c2f167bc7ef09404f98682f8895e7de1"
  dependencies:
    uuid62 graphiy/uuid62

base-x@^3.0.2:
  version "3.0.4"
  resolved "https://registry.yarnpkg.com/base-x/-/base-x-3.0.4.tgz#94c1788736da065edb1d68808869e357c977fa77"
  dependencies:
    safe-buffer "^5.0.1"

lodash@^4.17.10:
  version "4.17.10"
  resolved "https://registry.yarnpkg.com/lodash/-/lodash-4.17.10.tgz#1b7793cf7259ea38fb3661d4d38b3260af8ae4e7"

safe-buffer@^5.0.1:
  version "5.1.2"
  resolved "https://registry.yarnpkg.com/safe-buffer/-/safe-buffer-5.1.2.tgz#991ec69d296e0313747d59bdfd2b745c35f8828d"

uuid62@graphiy/uuid62:
  version "0.1.0"
  resolved "https://codeload.github.com/graphiy/uuid62/tar.gz/d416e2ef2e9a7669c5aa09e6ca29c137f5692048"
  dependencies:
    base-x "^3.0.2"
    uuid "^3.1.0"

uuid@^3.1.0:
  version "3.2.1"
  resolved "https://registry.yarnpkg.com/uuid/-/uuid-3.2.1.tgz#12c528bb9d58d0b9265d9a2f6f0fe8be17ff1f14"
